
Microsoft Visual Studio Solution File, Format Version 12.00
# Visual Studio Version 17
VisualStudioVersion = 17.7.34031.279
MinimumVisualStudioVersion = 10.0.40219.1
Project("{FAE04EC0-301F-11D3-BF4B-00C04F79EFBC}") = "lab5", "lab5\lab5.csproj", "{45354BE6-5D29-4F7F-A95C-08C741A245F2}"
EndProject
Project("{FAE04EC0-301F-11D3-BF4B-00C04F79EFBC}") = "Lambda", "Lambda\Lambda.csproj", "{06EC04F8-CE01-4CB3-AB91-3582F93235CC}"
EndProject
Global
	GlobalSection(SolutionConfigurationPlatforms) = preSolution
		Debug|Any CPU = Debug|Any CPU
		Release|Any CPU = Release|Any CPU
	EndGlobalSection
	GlobalSection(ProjectConfigurationPlatforms) = postSolution
		{45354BE6-5D29-4F7F-A95C-08C741A245F2}.Debug|Any CPU.ActiveCfg = Debug|Any CPU
		{45354BE6-5D29-4F7F-A95C-08C741A245F2}.Debug|Any CPU.Build.0 = Debug|Any CPU
		{45354BE6-5D29-4F7F-A95C-08C741A245F2}.Release|Any CPU.ActiveCfg = Release|Any CPU
		{45354BE6-5D29-4F7F-A95C-08C741A245F2}.Release|Any CPU.Build.0 = Release|Any CPU
		{06EC04F8-CE01-4CB3-AB91-3582F93235CC}.Debug|Any CPU.ActiveCfg = Debug|Any CPU
		{06EC04F8-CE01-4CB3-AB91-3582F93235CC}.Debug|Any CPU.Build.0 = Debug|Any CPU
		{06EC04F8-CE01-4CB3-AB91-3582F93235CC}.Release|Any CPU.ActiveCfg = Release|Any CPU
		{06EC04F8-CE01-4CB3-AB91-3582F93235CC}.Release|Any CPU.Build.0 = Release|Any CPU
	EndGlobalSection
	GlobalSection(SolutionProperties) = preSolution
		HideSolutionNode = FALSE
	EndGlobalSection
	GlobalSection(ExtensibilityGlobals) = postSolution
		SolutionGuid = {B2A4993A-0B02-4A9D-95A9-06CC8EC4A82B}
	EndGlobalSection
EndGlobal
