
Microsoft Visual Studio Solution File, Format Version 12.00
# Visual Studio Version 17
VisualStudioVersion = 17.7.34031.279
MinimumVisualStudioVersion = 10.0.40219.1
Project("{FAE04EC0-301F-11D3-BF4B-00C04F79EFBC}") = "ParametryMetod", "ParametryMetod\ParametryMetod.csproj", "{044CD93A-013C-4356-8C84-13EBB3F0110A}"
EndProject
Global
	GlobalSection(SolutionConfigurationPlatforms) = preSolution
		Debug|Any CPU = Debug|Any CPU
		Release|Any CPU = Release|Any CPU
	EndGlobalSection
	GlobalSection(ProjectConfigurationPlatforms) = postSolution
		{044CD93A-013C-4356-8C84-13EBB3F0110A}.Debug|Any CPU.ActiveCfg = Debug|Any CPU
		{044CD93A-013C-4356-8C84-13EBB3F0110A}.Debug|Any CPU.Build.0 = Debug|Any CPU
		{044CD93A-013C-4356-8C84-13EBB3F0110A}.Release|Any CPU.ActiveCfg = Release|Any CPU
		{044CD93A-013C-4356-8C84-13EBB3F0110A}.Release|Any CPU.Build.0 = Release|Any CPU
	EndGlobalSection
	GlobalSection(SolutionProperties) = preSolution
		HideSolutionNode = FALSE
	EndGlobalSection
	GlobalSection(ExtensibilityGlobals) = postSolution
		SolutionGuid = {52F63F94-46EA-4A46-A942-7EE2A1BA0CE5}
	EndGlobalSection
EndGlobal
